
Microsoft Visual Studio Solution File, Format Version 12.00
# Visual Studio Version 16
VisualStudioVersion = 16.0.30413.136
MinimumVisualStudioVersion = 10.0.40219.1
Project("{FAE04EC0-301F-11D3-BF4B-00C04F79EFBC}") = "Tasks", "Tasks.csproj", "{ED0D12ED-F9ED-4832-9834-3CBE6D2045CA}"
EndProject
Global
	GlobalSection(SolutionConfigurationPlatforms) = preSolution
		Debug|Any CPU = Debug|Any CPU
		Release|Any CPU = Release|Any CPU
	EndGlobalSection
	GlobalSection(ProjectConfigurationPlatforms) = postSolution
		{ED0D12ED-F9ED-4832-9834-3CBE6D2045CA}.Debug|Any CPU.ActiveCfg = Debug|Any CPU
		{ED0D12ED-F9ED-4832-9834-3CBE6D2045CA}.Debug|Any CPU.Build.0 = Debug|Any CPU
		{ED0D12ED-F9ED-4832-9834-3CBE6D2045CA}.Release|Any CPU.ActiveCfg = Release|Any CPU
		{ED0D12ED-F9ED-4832-9834-3CBE6D2045CA}.Release|Any CPU.Build.0 = Release|Any CPU
	EndGlobalSection
	GlobalSection(SolutionProperties) = preSolution
		HideSolutionNode = FALSE
	EndGlobalSection
	GlobalSection(ExtensibilityGlobals) = postSolution
		SolutionGuid = {2768D739-8838-434A-9493-8B1A87681092}
	EndGlobalSection
EndGlobal
